
Microsoft Visual Studio Solution File, Format Version 12.00
# Visual Studio 15
VisualStudioVersion = 15.0.27703.2047
MinimumVisualStudioVersion = 10.0.40219.1
Project("{FAE04EC0-301F-11D3-BF4B-00C04F79EFBC}") = "BFF2.Android", "BFF2\BFF2.Android\BFF2.Android.csproj", "{8BCB455D-8306-4F59-B1C2-18DA72D9997C}"
EndProject
Project("{FAE04EC0-301F-11D3-BF4B-00C04F79EFBC}") = "BFF2.iOS", "BFF2\BFF2.iOS\BFF2.iOS.csproj", "{A5FFF36F-BAB0-4E08-9774-165A6E5C4F80}"
EndProject
Project("{FAE04EC0-301F-11D3-BF4B-00C04F79EFBC}") = "BFF2", "BFF2\BFF2\BFF2.csproj", "{95467FA9-6FB9-461B-909C-DE3EF54E59C8}"
EndProject
Global
	GlobalSection(SolutionConfigurationPlatforms) = preSolution
		Ad-Hoc|Any CPU = Ad-Hoc|Any CPU
		Ad-Hoc|iPhone = Ad-Hoc|iPhone
		Ad-Hoc|iPhoneSimulator = Ad-Hoc|iPhoneSimulator
		AppStore|Any CPU = AppStore|Any CPU
		AppStore|iPhone = AppStore|iPhone
		AppStore|iPhoneSimulator = AppStore|iPhoneSimulator
		Debug|Any CPU = Debug|Any CPU
		Debug|iPhone = Debug|iPhone
		Debug|iPhoneSimulator = Debug|iPhoneSimulator
		Release|Any CPU = Release|Any CPU
		Release|iPhone = Release|iPhone
		Release|iPhoneSimulator = Release|iPhoneSimulator
	EndGlobalSection
	GlobalSection(ProjectConfigurationPlatforms) = postSolution
		{8BCB455D-8306-4F59-B1C2-18DA72D9997C}.Ad-Hoc|Any CPU.ActiveCfg = Release|Any CPU
		{8BCB455D-8306-4F59-B1C2-18DA72D9997C}.Ad-Hoc|Any CPU.Build.0 = Release|Any CPU
		{8BCB455D-8306-4F59-B1C2-18DA72D9997C}.Ad-Hoc|Any CPU.Deploy.0 = Release|Any CPU
		{8BCB455D-8306-4F59-B1C2-18DA72D9997C}.Ad-Hoc|iPhone.ActiveCfg = Release|Any CPU
		{8BCB455D-8306-4F59-B1C2-18DA72D9997C}.Ad-Hoc|iPhone.Build.0 = Release|Any CPU
		{8BCB455D-8306-4F59-B1C2-18DA72D9997C}.Ad-Hoc|iPhone.Deploy.0 = Release|Any CPU
		{8BCB455D-8306-4F59-B1C2-18DA72D9997C}.Ad-Hoc|iPhoneSimulator.ActiveCfg = Release|Any CPU
		{8BCB455D-8306-4F59-B1C2-18DA72D9997C}.Ad-Hoc|iPhoneSimulator.Build.0 = Release|Any CPU
		{8BCB455D-8306-4F59-B1C2-18DA72D9997C}.Ad-Hoc|iPhoneSimulator.Deploy.0 = Release|Any CPU
		{8BCB455D-8306-4F59-B1C2-18DA72D9997C}.AppStore|Any CPU.ActiveCfg = Release|Any CPU
		{8BCB455D-8306-4F59-B1C2-18DA72D9997C}.AppStore|Any CPU.Build.0 = Release|Any CPU
		{8BCB455D-8306-4F59-B1C2-18DA72D9997C}.AppStore|Any CPU.Deploy.0 = Release|Any CPU
		{8BCB455D-8306-4F59-B1C2-18DA72D9997C}.AppStore|iPhone.ActiveCfg = Release|Any CPU
		{8BCB455D-8306-4F59-B1C2-18DA72D9997C}.AppStore|iPhone.Build.0 = Release|Any CPU
		{8BCB455D-8306-4F59-B1C2-18DA72D9997C}.AppStore|iPhone.Deploy.0 = Release|Any CPU
		{8BCB455D-8306-4F59-B1C2-18DA72D9997C}.AppStore|iPhoneSimulator.ActiveCfg = Release|Any CPU
		{8BCB455D-8306-4F59-B1C2-18DA72D9997C}.AppStore|iPhoneSimulator.Build.0 = Release|Any CPU
		{8BCB455D-8306-4F59-B1C2-18DA72D9997C}.AppStore|iPhoneSimulator.Deploy.0 = Release|Any CPU
		{8BCB455D-8306-4F59-B1C2-18DA72D9997C}.Debug|Any CPU.ActiveCfg = Debug|Any CPU
		{8BCB455D-8306-4F59-B1C2-18DA72D9997C}.Debug|Any CPU.Build.0 = Debug|Any CPU
		{8BCB455D-8306-4F59-B1C2-18DA72D9997C}.Debug|Any CPU.Deploy.0 = Debug|Any CPU
		{8BCB455D-8306-4F59-B1C2-18DA72D9997C}.Debug|iPhone.ActiveCfg = Debug|Any CPU
		{8BCB455D-8306-4F59-B1C2-18DA72D9997C}.Debug|iPhone.Build.0 = Debug|Any CPU
		{8BCB455D-8306-4F59-B1C2-18DA72D9997C}.Debug|iPhone.Deploy.0 = Debug|Any CPU
		{8BCB455D-8306-4F59-B1C2-18DA72D9997C}.Debug|iPhoneSimulator.ActiveCfg = Debug|Any CPU
		{8BCB455D-8306-4F59-B1C2-18DA72D9997C}.Debug|iPhoneSimulator.Build.0 = Debug|Any CPU
		{8BCB455D-8306-4F59-B1C2-18DA72D9997C}.Debug|iPhoneSimulator.Deploy.0 = Debug|Any CPU
		{8BCB455D-8306-4F59-B1C2-18DA72D9997C}.Release|Any CPU.ActiveCfg = Release|Any CPU
		{8BCB455D-8306-4F59-B1C2-18DA72D9997C}.Release|Any CPU.Build.0 = Release|Any CPU
		{8BCB455D-8306-4F59-B1C2-18DA72D9997C}.Release|Any CPU.Deploy.0 = Release|Any CPU
		{8BCB455D-8306-4F59-B1C2-18DA72D9997C}.Release|iPhone.ActiveCfg = Release|Any CPU
		{8BCB455D-8306-4F59-B1C2-18DA72D9997C}.Release|iPhone.Build.0 = Release|Any CPU
		{8BCB455D-8306-4F59-B1C2-18DA72D9997C}.Release|iPhone.Deploy.0 = Release|Any CPU
		{8BCB455D-8306-4F59-B1C2-18DA72D9997C}.Release|iPhoneSimulator.ActiveCfg = Release|Any CPU
		{8BCB455D-8306-4F59-B1C2-18DA72D9997C}.Release|iPhoneSimulator.Build.0 = Release|Any CPU
		{8BCB455D-8306-4F59-B1C2-18DA72D9997C}.Release|iPhoneSimulator.Deploy.0 = Release|Any CPU
		{A5FFF36F-BAB0-4E08-9774-165A6E5C4F80}.Ad-Hoc|Any CPU.ActiveCfg = Ad-Hoc|iPhone
		{A5FFF36F-BAB0-4E08-9774-165A6E5C4F80}.Ad-Hoc|Any CPU.Build.0 = Ad-Hoc|iPhone
		{A5FFF36F-BAB0-4E08-9774-165A6E5C4F80}.Ad-Hoc|Any CPU.Deploy.0 = Ad-Hoc|iPhone
		{A5FFF36F-BAB0-4E08-9774-165A6E5C4F80}.Ad-Hoc|iPhone.ActiveCfg = Ad-Hoc|iPhone
		{A5FFF36F-BAB0-4E08-9774-165A6E5C4F80}.Ad-Hoc|iPhone.Build.0 = Ad-Hoc|iPhone
		{A5FFF36F-BAB0-4E08-9774-165A6E5C4F80}.Ad-Hoc|iPhone.Deploy.0 = Ad-Hoc|iPhone
		{A5FFF36F-BAB0-4E08-9774-165A6E5C4F80}.Ad-Hoc|iPhoneSimulator.ActiveCfg = Ad-Hoc|iPhoneSimulator
		{A5FFF36F-BAB0-4E08-9774-165A6E5C4F80}.Ad-Hoc|iPhoneSimulator.Build.0 = Ad-Hoc|iPhoneSimulator
		{A5FFF36F-BAB0-4E08-9774-165A6E5C4F80}.Ad-Hoc|iPhoneSimulator.Deploy.0 = Ad-Hoc|iPhoneSimulator
		{A5FFF36F-BAB0-4E08-9774-165A6E5C4F80}.AppStore|Any CPU.ActiveCfg = AppStore|iPhone
		{A5FFF36F-BAB0-4E08-9774-165A6E5C4F80}.AppStore|Any CPU.Build.0 = AppStore|iPhone
		{A5FFF36F-BAB0-4E08-9774-165A6E5C4F80}.AppStore|Any CPU.Deploy.0 = AppStore|iPhone
		{A5FFF36F-BAB0-4E08-9774-165A6E5C4F80}.AppStore|iPhone.ActiveCfg = AppStore|iPhone
		{A5FFF36F-BAB0-4E08-9774-165A6E5C4F80}.AppStore|iPhone.Build.0 = AppStore|iPhone
		{A5FFF36F-BAB0-4E08-9774-165A6E5C4F80}.AppStore|iPhone.Deploy.0 = AppStore|iPhone
		{A5FFF36F-BAB0-4E08-9774-165A6E5C4F80}.AppStore|iPhoneSimulator.ActiveCfg = AppStore|iPhoneSimulator
		{A5FFF36F-BAB0-4E08-9774-165A6E5C4F80}.AppStore|iPhoneSimulator.Build.0 = AppStore|iPhoneSimulator
		{A5FFF36F-BAB0-4E08-9774-165A6E5C4F80}.AppStore|iPhoneSimulator.Deploy.0 = AppStore|iPhoneSimulator
		{A5FFF36F-BAB0-4E08-9774-165A6E5C4F80}.Debug|Any CPU.ActiveCfg = Debug|iPhoneSimulator
		{A5FFF36F-BAB0-4E08-9774-165A6E5C4F80}.Debug|Any CPU.Build.0 = Debug|iPhoneSimulator
		{A5FFF36F-BAB0-4E08-9774-165A6E5C4F80}.Debug|Any CPU.Deploy.0 = Debug|iPhoneSimulator
		{A5FFF36F-BAB0-4E08-9774-165A6E5C4F80}.Debug|iPhone.ActiveCfg = Debug|iPhone
		{A5FFF36F-BAB0-4E08-9774-165A6E5C4F80}.Debug|iPhone.Build.0 = Debug|iPhone
		{A5FFF36F-BAB0-4E08-9774-165A6E5C4F80}.Debug|iPhone.Deploy.0 = Debug|iPhone
		{A5FFF36F-BAB0-4E08-9774-165A6E5C4F80}.Debug|iPhoneSimulator.ActiveCfg = Debug|iPhoneSimulator
		{A5FFF36F-BAB0-4E08-9774-165A6E5C4F80}.Debug|iPhoneSimulator.Build.0 = Debug|iPhoneSimulator
		{A5FFF36F-BAB0-4E08-9774-165A6E5C4F80}.Debug|iPhoneSimulator.Deploy.0 = Debug|iPhoneSimulator
		{A5FFF36F-BAB0-4E08-9774-165A6E5C4F80}.Release|Any CPU.ActiveCfg = Release|iPhone
		{A5FFF36F-BAB0-4E08-9774-165A6E5C4F80}.Release|Any CPU.Build.0 = Release|iPhone
		{A5FFF36F-BAB0-4E08-9774-165A6E5C4F80}.Release|Any CPU.Deploy.0 = Release|iPhone
		{A5FFF36F-BAB0-4E08-9774-165A6E5C4F80}.Release|iPhone.ActiveCfg = Release|iPhone
		{A5FFF36F-BAB0-4E08-9774-165A6E5C4F80}.Release|iPhone.Build.0 = Release|iPhone
		{A5FFF36F-BAB0-4E08-9774-165A6E5C4F80}.Release|iPhone.Deploy.0 = Release|iPhone
		{A5FFF36F-BAB0-4E08-9774-165A6E5C4F80}.Release|iPhoneSimulator.ActiveCfg = Release|iPhoneSimulator
		{A5FFF36F-BAB0-4E08-9774-165A6E5C4F80}.Release|iPhoneSimulator.Build.0 = Release|iPhoneSimulator
		{A5FFF36F-BAB0-4E08-9774-165A6E5C4F80}.Release|iPhoneSimulator.Deploy.0 = Release|iPhoneSimulator
		{95467FA9-6FB9-461B-909C-DE3EF54E59C8}.Ad-Hoc|Any CPU.ActiveCfg = Debug|Any CPU
		{95467FA9-6FB9-461B-909C-DE3EF54E59C8}.Ad-Hoc|Any CPU.Build.0 = Debug|Any CPU
		{95467FA9-6FB9-461B-909C-DE3EF54E59C8}.Ad-Hoc|Any CPU.Deploy.0 = Debug|Any CPU
		{95467FA9-6FB9-461B-909C-DE3EF54E59C8}.Ad-Hoc|iPhone.ActiveCfg = Debug|Any CPU
		{95467FA9-6FB9-461B-909C-DE3EF54E59C8}.Ad-Hoc|iPhone.Build.0 = Debug|Any CPU
		{95467FA9-6FB9-461B-909C-DE3EF54E59C8}.Ad-Hoc|iPhone.Deploy.0 = Debug|Any CPU
		{95467FA9-6FB9-461B-909C-DE3EF54E59C8}.Ad-Hoc|iPhoneSimulator.ActiveCfg = Debug|Any CPU
		{95467FA9-6FB9-461B-909C-DE3EF54E59C8}.Ad-Hoc|iPhoneSimulator.Build.0 = Debug|Any CPU
		{95467FA9-6FB9-461B-909C-DE3EF54E59C8}.Ad-Hoc|iPhoneSimulator.Deploy.0 = Debug|Any CPU
		{95467FA9-6FB9-461B-909C-DE3EF54E59C8}.AppStore|Any CPU.ActiveCfg = Debug|Any CPU
		{95467FA9-6FB9-461B-909C-DE3EF54E59C8}.AppStore|Any CPU.Build.0 = Debug|Any CPU
		{95467FA9-6FB9-461B-909C-DE3EF54E59C8}.AppStore|Any CPU.Deploy.0 = Debug|Any CPU
		{95467FA9-6FB9-461B-909C-DE3EF54E59C8}.AppStore|iPhone.ActiveCfg = Debug|Any CPU
		{95467FA9-6FB9-461B-909C-DE3EF54E59C8}.AppStore|iPhone.Build.0 = Debug|Any CPU
		{95467FA9-6FB9-461B-909C-DE3EF54E59C8}.AppStore|iPhone.Deploy.0 = Debug|Any CPU
		{95467FA9-6FB9-461B-909C-DE3EF54E59C8}.AppStore|iPhoneSimulator.ActiveCfg = Debug|Any CPU
		{95467FA9-6FB9-461B-909C-DE3EF54E59C8}.AppStore|iPhoneSimulator.Build.0 = Debug|Any CPU
		{95467FA9-6FB9-461B-909C-DE3EF54E59C8}.AppStore|iPhoneSimulator.Deploy.0 = Debug|Any CPU
		{95467FA9-6FB9-461B-909C-DE3EF54E59C8}.Debug|Any CPU.ActiveCfg = Debug|Any CPU
		{95467FA9-6FB9-461B-909C-DE3EF54E59C8}.Debug|Any CPU.Build.0 = Debug|Any CPU
		{95467FA9-6FB9-461B-909C-DE3EF54E59C8}.Debug|Any CPU.Deploy.0 = Debug|Any CPU
		{95467FA9-6FB9-461B-909C-DE3EF54E59C8}.Debug|iPhone.ActiveCfg = Debug|Any CPU
		{95467FA9-6FB9-461B-909C-DE3EF54E59C8}.Debug|iPhone.Build.0 = Debug|Any CPU
		{95467FA9-6FB9-461B-909C-DE3EF54E59C8}.Debug|iPhone.Deploy.0 = Debug|Any CPU
		{95467FA9-6FB9-461B-909C-DE3EF54E59C8}.Debug|iPhoneSimulator.ActiveCfg = Debug|Any CPU
		{95467FA9-6FB9-461B-909C-DE3EF54E59C8}.Debug|iPhoneSimulator.Build.0 = Debug|Any CPU
		{95467FA9-6FB9-461B-909C-DE3EF54E59C8}.Debug|iPhoneSimulator.Deploy.0 = Debug|Any CPU
		{95467FA9-6FB9-461B-909C-DE3EF54E59C8}.Release|Any CPU.ActiveCfg = Release|Any CPU
		{95467FA9-6FB9-461B-909C-DE3EF54E59C8}.Release|Any CPU.Build.0 = Release|Any CPU
		{95467FA9-6FB9-461B-909C-DE3EF54E59C8}.Release|Any CPU.Deploy.0 = Release|Any CPU
		{95467FA9-6FB9-461B-909C-DE3EF54E59C8}.Release|iPhone.ActiveCfg = Release|Any CPU
		{95467FA9-6FB9-461B-909C-DE3EF54E59C8}.Release|iPhone.Build.0 = Release|Any CPU
		{95467FA9-6FB9-461B-909C-DE3EF54E59C8}.Release|iPhone.Deploy.0 = Release|Any CPU
		{95467FA9-6FB9-461B-909C-DE3EF54E59C8}.Release|iPhoneSimulator.ActiveCfg = Release|Any CPU
		{95467FA9-6FB9-461B-909C-DE3EF54E59C8}.Release|iPhoneSimulator.Build.0 = Release|Any CPU
		{95467FA9-6FB9-461B-909C-DE3EF54E59C8}.Release|iPhoneSimulator.Deploy.0 = Release|Any CPU
	EndGlobalSection
	GlobalSection(SolutionProperties) = preSolution
		HideSolutionNode = FALSE
	EndGlobalSection
	GlobalSection(ExtensibilityGlobals) = postSolution
		SolutionGuid = {4A0805E7-94E8-48A4-9F86-2A227683A45B}
	EndGlobalSection
EndGlobal
